# @generated by Move, please check-in and do not edit manually.

[move]
version = 3
manifest_digest = "949CA1BC2CA42F1B1123E84543E5EE3E16CB5322DA0D63E57C633102DE7E6443"
deps_digest = "3C4103934B1E040BB6B23F1D610B4EF9F2F1166A50A104EADCF77467C004C600"
dependencies = [
  { id = "BluefinSpot", name = "BluefinSpot" },
  { id = "Sui", name = "Sui" },
]

[[move.package]]
id = "BluefinSpot"
source = { git = "https://github.com/fireflyprotocol/bluefin-spot-contract-interface.git", rev = "mainnet-v1.35.2", subdir = "" }

dependencies = [
  { id = "CetusClmm", name = "CetusClmm" },
  { id = "IntegerMate", name = "IntegerMate" },
  { id = "Sui", name = "Sui" },
]

[[move.package]]
id = "CetusClmm"
source = { git = "https://github.com/CetusProtocol/cetus-clmm-interface.git", rev = "mainnet-v1.23.1", subdir = "sui/clmmpool" }

dependencies = [
  { id = "IntegerMate", name = "IntegerMate" },
  { id = "MoveSTL", name = "MoveSTL" },
  { id = "Sui", name = "Sui" },
]

[[move.package]]
id = "IntegerMate"
source = { git = "https://github.com/CetusProtocol/integer-mate.git", rev = "mainnet-v1.23.1", subdir = "sui" }

dependencies = [
  { id = "Sui", name = "Sui" },
]

[[move.package]]
id = "MoveSTL"
source = { git = "https://github.com/CetusProtocol/move-stl.git", rev = "mainnet-v1.23.1", subdir = "sui" }

dependencies = [
  { id = "Sui", name = "Sui" },
]

[[move.package]]
id = "MoveStdlib"
source = { git = "https://github.com/MystenLabs/sui.git", rev = "mainnet-v1.35.2", subdir = "crates/sui-framework/packages/move-stdlib" }

[[move.package]]
id = "Sui"
source = { git = "https://github.com/MystenLabs/sui.git", rev = "mainnet-v1.35.2", subdir = "crates/sui-framework/packages/sui-framework" }

dependencies = [
  { id = "MoveStdlib", name = "MoveStdlib" },
]

[move.toolchain-version]
compiler-version = "1.42.2"
edition = "2024.beta"
flavor = "sui"

[env]

[env.testnet]
chain-id = "4c78adac"
original-published-id = "0x34bc2e8781462a017b4f97d806e35a568fcf22c5b4fe3fc3a94a6c2e5056e968"
latest-published-id = "0x34bc2e8781462a017b4f97d806e35a568fcf22c5b4fe3fc3a94a6c2e5056e968"
published-version = "1"

[env.mainnet]
chain-id = "35834a8a"
original-published-id = "0x7dabafbb32f69298b4df04f7f89e7ba200f74230a950e592fffb02106f32aced"
latest-published-id = "0x7dabafbb32f69298b4df04f7f89e7ba200f74230a950e592fffb02106f32aced"
published-version = "1"
